
Microsoft Visual Studio Solution File, Format Version 12.00
# Visual Studio Version 17
VisualStudioVersion = 17.4.33213.308
MinimumVisualStudioVersion = 10.0.40219.1
Project("{FAE04EC0-301F-11D3-BF4B-00C04F79EFBC}") = "Mariani_Frazione", "Mariani_Frazione\Mariani_Frazione.csproj", "{64819057-C393-464D-8CE6-F421879BDCEC}"
EndProject
Global
	GlobalSection(SolutionConfigurationPlatforms) = preSolution
		Debug|Any CPU = Debug|Any CPU
		Release|Any CPU = Release|Any CPU
	EndGlobalSection
	GlobalSection(ProjectConfigurationPlatforms) = postSolution
		{64819057-C393-464D-8CE6-F421879BDCEC}.Debug|Any CPU.ActiveCfg = Debug|Any CPU
		{64819057-C393-464D-8CE6-F421879BDCEC}.Debug|Any CPU.Build.0 = Debug|Any CPU
		{64819057-C393-464D-8CE6-F421879BDCEC}.Release|Any CPU.ActiveCfg = Release|Any CPU
		{64819057-C393-464D-8CE6-F421879BDCEC}.Release|Any CPU.Build.0 = Release|Any CPU
	EndGlobalSection
	GlobalSection(SolutionProperties) = preSolution
		HideSolutionNode = FALSE
	EndGlobalSection
	GlobalSection(ExtensibilityGlobals) = postSolution
		SolutionGuid = {893ECD0F-B08F-4C56-A1C1-0B85513D4DEF}
	EndGlobalSection
EndGlobal
